PODS:
  - Firebase (2.5.1)
  - Firebase/Auth (11.13.0):
    - Firebase/CoreOnly
    - FirebaseAuth (~> 11.13.0)
  - Firebase/CoreOnly (11.13.0):
    - FirebaseCore (~> 11.13.0)
  - FirebaseAnalytics (3.4.2):
    - FirebaseInstanceID (~> 1.0)
    - GoogleInterchangeUtilities (~> 1.2)
    - GoogleSymbolUtilities (~> 1.1)
    - GoogleUtilities (~> 1.2)
  - FirebaseAppCheckInterop (11.13.0)
  - FirebaseAuth (11.13.0):
    - FirebaseAppCheckInterop (~> 11.0)
    - FirebaseAuthInterop (~> 11.0)
    - FirebaseCore (~> 11.13.0)
    - FirebaseCoreExtension (~> 11.13.0)
    - GoogleUtilities/AppDelegateSwizzler (~> 8.1)
    - GoogleUtilities/Environment (~> 8.1)
    - GTMSessionFetcher/Core (< 5.0, >= 3.4)
    - RecaptchaInterop (~> 101.0)
  - FirebaseAuthInterop (11.13.0)
  - FirebaseAuthUI (15.0.0):
    - FirebaseAuth (< 12.0, >= 11.0)
    - FirebaseCore
  - FirebaseCore (11.13.0):
    - FirebaseCoreInternal (~> 11.13.0)
    - GoogleUtilities/Environment (~> 8.1)
    - GoogleUtilities/Logger (~> 8.1)
  - FirebaseCoreExtension (11.13.0):
    - FirebaseCore (~> 11.13.0)
  - FirebaseCoreInternal (11.13.0):
    - "GoogleUtilities/NSData+zlib (~> 8.1)"
  - FirebaseEmailAuthUI (15.0.0):
    - FirebaseAuth
    - FirebaseAuthUI (~> 15.0)
    - FirebaseCore
    - GoogleUtilities/UserDefaults
  - FirebaseInstanceID (1.0.9)
  - FirebaseOAuthUI (15.0.0):
    - FirebaseAuth (< 12.0, >= 8.0)
    - FirebaseAuthUI (~> 15.0)
  - FirebaseUI/Auth (15.0.0):
    - FirebaseAuthUI (~> 15.0)
  - FirebaseUI/AuthHelper (0.3.2):
    - Firebase (~> 2.2)
  - FirebaseUI/Email (15.0.0):
    - FirebaseEmailAuthUI (~> 15.0)
  - FirebaseUI/Google (0.3.2):
    - Firebase (~> 2.2)
    - FirebaseUI/AuthHelper
    - Google/SignIn
  - FirebaseUI/OAuth (15.0.0):
    - FirebaseOAuthUI (~> 15.0)
  - Google/Core (3.1.0):
    - FirebaseAnalytics (~> 3.2)
  - Google/SignIn (3.1.0):
    - Google/Core
    - GoogleSignIn (~> 4.0)
  - GoogleAppUtilities (1.1.2):
    - GoogleSymbolUtilities (~> 1.1)
  - GoogleAuthUtilities (2.0.2):
    - GoogleNetworkingUtilities (~> 1.2)
    - GoogleSymbolUtilities (~> 1.1)
  - GoogleInterchangeUtilities (1.2.2):
    - GoogleSymbolUtilities (~> 1.1)
  - GoogleNetworkingUtilities (1.2.2):
    - GoogleSymbolUtilities (~> 1.1)
  - GoogleSignIn (4.0.0):
    - GoogleAppUtilities (~> 1.1)
    - GoogleAuthUtilities (~> 2.0)
    - GoogleNetworkingUtilities (~> 1.2)
    - GoogleUtilities (~> 1.3)
  - GoogleSymbolUtilities (1.1.2)
  - GoogleUtilities (1.3.2):
    - GoogleSymbolUtilities (~> 1.1)
  - GoogleUtilities/AppDelegateSwizzler (8.1.0):
    - GoogleUtilities/Environment
    - GoogleUtilities/Logger
    - GoogleUtilities/Network
    - GoogleUtilities/Privacy
  - GoogleUtilities/Environment (8.1.0):
    - GoogleUtilities/Privacy
  - GoogleUtilities/Logger (8.1.0):
    - GoogleUtilities/Environment
    - GoogleUtilities/Privacy
  - GoogleUtilities/Network (8.1.0):
    - GoogleUtilities/Logger
    - "GoogleUtilities/NSData+zlib"
    - GoogleUtilities/Privacy
    - GoogleUtilities/Reachability
  - "GoogleUtilities/NSData+zlib (8.1.0)":
    - GoogleUtilities/Privacy
  - GoogleUtilities/Privacy (8.1.0)
  - GoogleUtilities/Reachability (8.1.0):
    - GoogleUtilities/Logger
    - GoogleUtilities/Privacy
  - GoogleUtilities/UserDefaults (8.1.0):
    - GoogleUtilities/Logger
    - GoogleUtilities/Privacy
  - GTMSessionFetcher/Core (4.5.0)
  - RecaptchaInterop (101.0.0)

DEPENDENCIES:
  - Firebase/Auth
  - FirebaseUI/Auth
  - FirebaseUI/Email
  - FirebaseUI/Google
  - FirebaseUI/OAuth

SPEC REPOS:
  trunk:
    - Firebase
    - FirebaseAnalytics
    - FirebaseAppCheckInterop
    - FirebaseAuth
    - FirebaseAuthInterop
    - FirebaseAuthUI
    - FirebaseCore
    - FirebaseCoreExtension
    - FirebaseCoreInternal
    - FirebaseEmailAuthUI
    - FirebaseInstanceID
    - FirebaseOAuthUI
    - FirebaseUI
    - Google
    - GoogleAppUtilities
    - GoogleAuthUtilities
    - GoogleInterchangeUtilities
    - GoogleNetworkingUtilities
    - GoogleSignIn
    - GoogleSymbolUtilities
    - GoogleUtilities
    - GTMSessionFetcher
    - RecaptchaInterop

SPEC CHECKSUMS:
  Firebase: 3435bc66b4d494c2f22c79fd3aae4c1db6662327
  FirebaseAnalytics: 3f5358d9104adf159cc8d99b7b501e50099a39ad
  FirebaseAppCheckInterop: 72066489c209823649a997132bcd9269bc33a4bb
  FirebaseAuth: 175cb5503dfdb52191b8ff81cdd52c1d9dee9ac9
  FirebaseAuthInterop: 4fa327ec3c551a80a6929561f83af80b1dd44937
  FirebaseAuthUI: 29804b552165df676c3882669b5ef99717696fa8
  FirebaseCore: c692c7f1c75305ab6aff2b367f25e11d73aa8bd0
  FirebaseCoreExtension: c048485c347616dba6165358dbef765c5197597b
  FirebaseCoreInternal: 29d7b3af4aaf0b8f3ed20b568c13df399b06f68c
  FirebaseEmailAuthUI: 52589b1e800fa0f64983d6a5b7638fd24c3b5d7a
  FirebaseInstanceID: 2d0518b1378fe9d685ef40cbdd63d2fdc1125339
  FirebaseOAuthUI: 784f4f756adebbfaae892a873c0b98085b2f12d6
  FirebaseUI: 0d38fa4fda5606b3da0af78a829c960f3a81ca50
  Google: 98da4b1a60ed0beb80a290387a28333406a1eb90
  GoogleAppUtilities: a8a552aa74f6597f805e45b5a3962766c3134973
  GoogleAuthUtilities: ccad2e0a9284699973ff57c0dd24c3893657fda4
  GoogleInterchangeUtilities: d5bc4d88d5b661ab72f9d70c58d02ca8c27ad1f7
  GoogleNetworkingUtilities: 3edd3a8161347494f2da60ea0deddc8a472d94cb
  GoogleSignIn: 09036ed61f8e75f1424100d63f7719480b2428c3
  GoogleSymbolUtilities: 631ee17048aa5e9ab133470d768ea997a5ef9b96
  GoogleUtilities: 00c88b9a86066ef77f0da2fab05f65d7768ed8e1
  GTMSessionFetcher: fc75fc972958dceedee61cb662ae1da7a83a91cf
  RecaptchaInterop: 11e0b637842dfb48308d242afc3f448062325aba

PODFILE CHECKSUM: 42e2cee40054c1af0935c1f7fdbc068a40043e49

COCOAPODS: 1.16.2
